// !$*UTF8*$!
{
	archiveVersion = 1;
	classes = {
	};
	objectVersion = 54;
	objects = {

/* Begin PBXBuildFile section */
		6E8719D8276C8B95002311B4 /* AppDelegate.m in Sources */ = {isa = PBXBuildFile; fileRef = 6E8719D7276C8B95002311B4 /* AppDelegate.m */; };
		6E8719DB276C8B95002311B4 /* SceneDelegate.m in Sources */ = {isa = PBXBuildFile; fileRef = 6E8719DA276C8B95002311B4 /* SceneDelegate.m */; };
		6E8719DE276C8B95002311B4 /* ViewController.m in Sources */ = {isa = PBXBuildFile; fileRef = 6E8719DD276C8B95002311B4 /* ViewController.m */; };
		6E8719E1276C8B95002311B4 /* Main.storyboard in Resources */ = {isa = PBXBuildFile; fileRef = 6E8719DF276C8B95002311B4 /* Main.storyboard */; };
		6E8719E3276C8B96002311B4 /* Assets.xcassets in Resources */ = {isa = PBXBuildFile; fileRef = 6E8719E2276C8B96002311B4 /* Assets.xcassets */; };
		6E8719E6276C8B96002311B4 /* LaunchScreen.storyboard in Resources */ = {isa = PBXBuildFile; fileRef = 6E8719E4276C8B96002311B4 /* LaunchScreen.storyboard */; };
		6E8719E9276C8B96002311B4 /* main.m in Sources */ = {isa = PBXBuildFile; fileRef = 6E8719E8276C8B96002311B4 /* main.m */; };
		6E8719F1276C8C77002311B4 /* CustomButtonBorder.m in Sources */ = {isa = PBXBuildFile; fileRef = 6E8719F0276C8C77002311B4 /* CustomButtonBorder.m */; };
		C1A1CBB0B0DEC903A2878C6D /* Pods_DrawCustomBorderPath.framework in Frameworks */ = {isa = PBXBuildFile; fileRef = 0E5B3CA6B438BA8E54E024B9 /* Pods_DrawCustomBorderPath.framework */; };
/* End PBXBuildFile section */

/* Begin PBXFileReference section */
		0E5B3CA6B438BA8E54E024B9 /* Pods_DrawCustomBorderPath.framework */ = {isa = PBXFileReference; explicitFileType = wrapper.framework; includeInIndex = 0; path = Pods_DrawCustomBorderPath.framework; sourceTree = BUILT_PRODUCTS_DIR; };
		164ABC18CF485E02CAA26946 /* Pods-DrawCustomBorderPath.release.xcconfig */ = {isa = PBXFileReference; includeInIndex = 1; lastKnownFileType = text.xcconfig; name = "Pods-DrawCustomBorderPath.release.xcconfig"; path = "Target Support Files/Pods-DrawCustomBorderPath/Pods-DrawCustomBorderPath.release.xcconfig"; sourceTree = "<group>"; };
		6E8719D3276C8B95002311B4 /* DrawCustomBorderPath.app */ = {isa = PBXFileReference; explicitFileType = wrapper.application; includeInIndex = 0; path = DrawCustomBorderPath.app; sourceTree = BUILT_PRODUCTS_DIR; };
		6E8719D6276C8B95002311B4 /* AppDelegate.h */ = {isa = PBXFileReference; lastKnownFileType = sourcecode.c.h; path = AppDelegate.h; sourceTree = "<group>"; };
		6E8719D7276C8B95002311B4 /* AppDelegate.m */ = {isa = PBXFileReference; lastKnownFileType = sourcecode.c.objc; path = AppDelegate.m; sourceTree = "<group>"; };
		6E8719D9276C8B95002311B4 /* SceneDelegate.h */ = {isa = PBXFileReference; lastKnownFileType = sourcecode.c.h; path = SceneDelegate.h; sourceTree = "<group>"; };
		6E8719DA276C8B95002311B4 /* SceneDelegate.m */ = {isa = PBXFileReference; lastKnownFileType = sourcecode.c.objc; path = SceneDelegate.m; sourceTree = "<group>"; };
		6E8719DC276C8B95002311B4 /* ViewController.h */ = {isa = PBXFileReference; lastKnownFileType = sourcecode.c.h; path = ViewController.h; sourceTree = "<group>"; };
		6E8719DD276C8B95002311B4 /* ViewController.m */ = {isa = PBXFileReference; lastKnownFileType = sourcecode.c.objc; path = ViewController.m; sourceTree = "<group>"; };
		6E8719E0276C8B95002311B4 /* Base */ = {isa = PBXFileReference; lastKnownFileType = file.storyboard; name = Base; path = Base.lproj/Main.storyboard; sourceTree = "<group>"; };
		6E8719E2276C8B96002311B4 /* Assets.xcassets */ = {isa = PBXFileReference; lastKnownFileType = folder.assetcatalog; path = Assets.xcassets; sourceTree = "<group>"; };
		6E8719E5276C8B96002311B4 /* Base */ = {isa = PBXFileReference; lastKnownFileType = file.storyboard; name = Base; path = Base.lproj/LaunchScreen.storyboard; sourceTree = "<group>"; };
		6E8719E7276C8B96002311B4 /* Info.plist */ = {isa = PBXFileReference; lastKnownFileType = text.plist.xml; path = Info.plist; sourceTree = "<group>"; };
		6E8719E8276C8B96002311B4 /* main.m */ = {isa = PBXFileReference; lastKnownFileType = sourcecode.c.objc; path = main.m; sourceTree = "<group>"; };
		6E8719EF276C8C77002311B4 /* CustomButtonBorder.h */ = {isa = PBXFileReference; fileEncoding = 4; lastKnownFileType = sourcecode.c.h; path = CustomButtonBorder.h; sourceTree = "<group>"; };
		6E8719F0276C8C77002311B4 /* CustomButtonBorder.m */ = {isa = PBXFileReference; fileEncoding = 4; lastKnownFileType = sourcecode.c.objc; path = CustomButtonBorder.m; sourceTree = "<group>"; };
		885EF758D0E4AA70A4DDCA2D /* Pods-DrawCustomBorderPath.debug.xcconfig */ = {isa = PBXFileReference; includeInIndex = 1; lastKnownFileType = text.xcconfig; name = "Pods-DrawCustomBorderPath.debug.xcconfig"; path = "Target Support Files/Pods-DrawCustomBorderPath/Pods-DrawCustomBorderPath.debug.xcconfig"; sourceTree = "<group>"; };
/* End PBXFileReference section */

/* Begin PBXFrameworksBuildPhase section */
		6E8719D0276C8B95002311B4 /* Frameworks */ = {
			isa = PBXFrameworksBuildPhase;
			buildActionMask = 2147483647;
			files = (
				C1A1CBB0B0DEC903A2878C6D /* Pods_DrawCustomBorderPath.framework in Frameworks */,
			);
			runOnlyForDeploymentPostprocessing = 0;
		};
/* End PBXFrameworksBuildPhase section */

/* Begin PBXGroup section */
		6E8719CA276C8B95002311B4 = {
			isa = PBXGroup;
			children = (
				6E8719D5276C8B95002311B4 /* DrawCustomBorderPath */,
				6E8719D4276C8B95002311B4 /* Products */,
				F9FF16A9A41193CCD1C88FBB /* Pods */,
				E3B3B0893ED649A594EC40B2 /* Frameworks */,
			);
			sourceTree = "<group>";
		};
		6E8719D4276C8B95002311B4 /* Products */ = {
			isa = PBXGroup;
			children = (
				6E8719D3276C8B95002311B4 /* DrawCustomBorderPath.app */,
			);
			name = Products;
			sourceTree = "<group>";
		};
		6E8719D5276C8B95002311B4 /* DrawCustomBorderPath */ = {
			isa = PBXGroup;
			children = (
				6E8719D6276C8B95002311B4 /* AppDelegate.h */,
				6E8719D7276C8B95002311B4 /* AppDelegate.m */,
				6E8719D9276C8B95002311B4 /* SceneDelegate.h */,
				6E8719DA276C8B95002311B4 /* SceneDelegate.m */,
				6E8719DC276C8B95002311B4 /* ViewController.h */,
				6E8719DD276C8B95002311B4 /* ViewController.m */,
				6E8719EF276C8C77002311B4 /* CustomButtonBorder.h */,
				6E8719F0276C8C77002311B4 /* CustomButtonBorder.m */,
				6E8719DF276C8B95002311B4 /* Main.storyboard */,
				6E8719E2276C8B96002311B4 /* Assets.xcassets */,
				6E8719E4276C8B96002311B4 /* LaunchScreen.storyboard */,
				6E8719E7276C8B96002311B4 /* Info.plist */,
				6E8719E8276C8B96002311B4 /* main.m */,
			);
			path = DrawCustomBorderPath;
			sourceTree = "<group>";
		};
		E3B3B0893ED649A594EC40B2 /* Frameworks */ = {
			isa = PBXGroup;
			children = (
				0E5B3CA6B438BA8E54E024B9 /* Pods_DrawCustomBorderPath.framework */,
			);
			name = Frameworks;
			sourceTree = "<group>";
		};
		F9FF16A9A41193CCD1C88FBB /* Pods */ = {
			isa = PBXGroup;
			children = (
				885EF758D0E4AA70A4DDCA2D /* Pods-DrawCustomBorderPath.debug.xcconfig */,
				164ABC18CF485E02CAA26946 /* Pods-DrawCustomBorderPath.release.xcconfig */,
			);
			path = Pods;
			sourceTree = "<group>";
		};
/* End PBXGroup section */

/* Begin PBXNativeTarget section */
		6E8719D2276C8B95002311B4 /* DrawCustomBorderPath */ = {
			isa = PBXNativeTarget;
			buildConfigurationList = 6E8719EC276C8B96002311B4 /* Build configuration list for PBXNativeTarget "DrawCustomBorderPath" */;
			buildPhases = (
				FFF676C6791599FB627F4813 /* [CP] Check Pods Manifest.lock */,
				6E8719CF276C8B95002311B4 /* Sources */,
				6E8719D0276C8B95002311B4 /* Frameworks */,
				6E8719D1276C8B95002311B4 /* Resources */,
				EC4A843CA302FD1C29BFC8AA /* [CP] Embed Pods Frameworks */,
			);
			buildRules = (
			);
			dependencies = (
			);
			name = DrawCustomBorderPath;
			productName = DrawCustomBorderPath;
			productReference = 6E8719D3276C8B95002311B4 /* DrawCustomBorderPath.app */;
			productType = "com.apple.product-type.application";
		};
/* End PBXNativeTarget section */

/* Begin PBXProject section */
		6E8719CB276C8B95002311B4 /* Project object */ = {
			isa = PBXProject;
			attributes = {
				BuildIndependentTargetsInParallel = 1;
				LastUpgradeCheck = 1310;
				TargetAttributes = {
					6E8719D2276C8B95002311B4 = {
						CreatedOnToolsVersion = 13.1;
					};
				};
			};
			buildConfigurationList = 6E8719CE276C8B95002311B4 /* Build configuration list for PBXProject "DrawCustomBorderPath" */;
			compatibilityVersion = "Xcode 12.0";
			developmentRegion = en;
			hasScannedForEncodings = 0;
			knownRegions = (
				en,
				Base,
			);
			mainGroup = 6E8719CA276C8B95002311B4;
			productRefGroup = 6E8719D4276C8B95002311B4 /* Products */;
			projectDirPath = "";
			projectRoot = "";
			targets = (
				6E8719D2276C8B95002311B4 /* DrawCustomBorderPath */,
			);
		};
/* End PBXProject section */

/* Begin PBXResourcesBuildPhase section */
		6E8719D1276C8B95002311B4 /* Resources */ = {
			isa = PBXResourcesBuildPhase;
			buildActionMask = 2147483647;
			files = (
				6E8719E6276C8B96002311B4 /* LaunchScreen.storyboard in Resources */,
				6E8719E3276C8B96002311B4 /* Assets.xcassets in Resources */,
				6E8719E1276C8B95002311B4 /* Main.storyboard in Resources */,
			);
			runOnlyForDeploymentPostprocessing = 0;
		};
/* End PBXResourcesBuildPhase section */

/* Begin PBXShellScriptBuildPhase section */
		EC4A843CA302FD1C29BFC8AA /* [CP] Embed Pods Frameworks */ = {
			isa = PBXShellScriptBuildPhase;
			buildActionMask = 2147483647;
			files = (
			);
			inputFileListPaths = (
				"${PODS_ROOT}/Target Support Files/Pods-DrawCustomBorderPath/Pods-DrawCustomBorderPath-frameworks-${CONFIGURATION}-input-files.xcfilelist",
			);
			name = "[CP] Embed Pods Frameworks";
			outputFileListPaths = (
				"${PODS_ROOT}/Target Support Files/Pods-DrawCustomBorderPath/Pods-DrawCustomBorderPath-frameworks-${CONFIGURATION}-output-files.xcfilelist",
			);
			runOnlyForDeploymentPostprocessing = 0;
			shellPath = /bin/sh;
			shellScript = "\"${PODS_ROOT}/Target Support Files/Pods-DrawCustomBorderPath/Pods-DrawCustomBorderPath-frameworks.sh\"\n";
			showEnvVarsInLog = 0;
		};
		FFF676C6791599FB627F4813 /* [CP] Check Pods Manifest.lock */ = {
			isa = PBXShellScriptBuildPhase;
			buildActionMask = 2147483647;
			files = (
			);
			inputFileListPaths = (
			);
			inputPaths = (
				"${PODS_PODFILE_DIR_PATH}/Podfile.lock",
				"${PODS_ROOT}/Manifest.lock",
			);
			name = "[CP] Check Pods Manifest.lock";
			outputFileListPaths = (
			);
			outputPaths = (
				"$(DERIVED_FILE_DIR)/Pods-DrawCustomBorderPath-checkManifestLockResult.txt",
			);
			runOnlyForDeploymentPostprocessing = 0;
			shellPath = /bin/sh;
			shellScript = "diff \"${PODS_PODFILE_DIR_PATH}/Podfile.lock\" \"${PODS_ROOT}/Manifest.lock\" > /dev/null\nif [ $? != 0 ] ; then\n    # print error to STDERR\n    echo \"error: The sandbox is not in sync with the Podfile.lock. Run 'pod install' or update your CocoaPods installation.\" >&2\n    exit 1\nfi\n# This output is used by Xcode 'outputs' to avoid re-running this script phase.\necho \"SUCCESS\" > \"${SCRIPT_OUTPUT_FILE_0}\"\n";
			showEnvVarsInLog = 0;
		};
/* End PBXShellScriptBuildPhase section */

/* Begin PBXSourcesBuildPhase section */
		6E8719CF276C8B95002311B4 /* Sources */ = {
			isa = PBXSourcesBuildPhase;
			buildActionMask = 2147483647;
			files = (
				6E8719DE276C8B95002311B4 /* ViewController.m in Sources */,
				6E8719D8276C8B95002311B4 /* AppDelegate.m in Sources */,
				6E8719E9276C8B96002311B4 /* main.m in Sources */,
				6E8719DB276C8B95002311B4 /* SceneDelegate.m in Sources */,
				6E8719F1276C8C77002311B4 /* CustomButtonBorder.m in Sources */,
			);
			runOnlyForDeploymentPostprocessing = 0;
		};
/* End PBXSourcesBuildPhase section */

/* Begin PBXVariantGroup section */
		6E8719DF276C8B95002311B4 /* Main.storyboard */ = {
			isa = PBXVariantGroup;
			children = (
				6E8719E0276C8B95002311B4 /* Base */,
			);
			name = Main.storyboard;
			sourceTree = "<group>";
		};
		6E8719E4276C8B96002311B4 /* LaunchScreen.storyboard */ = {
			isa = PBXVariantGroup;
			children = (
				6E8719E5276C8B96002311B4 /* Base */,
			);
			name = LaunchScreen.storyboard;
			sourceTree = "<group>";
		};
/* End PBXVariantGroup section */

/* Begin XCBuildConfiguration section */
		6E8719EA276C8B96002311B4 /* Debug */ = {
			isa = XCBuildConfiguration;
			buildSettings = {
				ALWAYS_SEARCH_USER_PATHS = NO;
				CLANG_ANALYZER_NONNULL = YES;
				CLANG_ANALYZER_NUMBER_OBJECT_CONVERSION = YES_AGGRESSIVE;
				CLANG_CXX_LANGUAGE_STANDARD = "gnu++17";
				CLANG_CXX_LIBRARY = "libc++";
				CLANG_ENABLE_MODULES = YES;
				CLANG_ENABLE_OBJC_ARC = YES;
				CLANG_ENABLE_OBJC_WEAK = YES;
				CLANG_WARN_BLOCK_CAPTURE_AUTORELEASING = YES;
				CLANG_WARN_BOOL_CONVERSION = YES;
				CLANG_WARN_COMMA = YES;
				CLANG_WARN_CONSTANT_CONVERSION = YES;
				CLANG_WARN_DEPRECATED_OBJC_IMPLEMENTATIONS = YES;
				CLANG_WARN_DIRECT_OBJC_ISA_USAGE = YES_ERROR;
				CLANG_WARN_DOCUMENTATION_COMMENTS = YES;
				CLANG_WARN_EMPTY_BODY = YES;
				CLANG_WARN_ENUM_CONVERSION = YES;
				CLANG_WARN_INFINITE_RECURSION = YES;
				CLANG_WARN_INT_CONVERSION = YES;
				CLANG_WARN_NON_LITERAL_NULL_CONVERSION = YES;
				CLANG_WARN_OBJC_IMPLICIT_RETAIN_SELF = YES;
				CLANG_WARN_OBJC_LITERAL_CONVERSION = YES;
				CLANG_WARN_OBJC_ROOT_CLASS = YES_ERROR;
				CLANG_WARN_QUOTED_INCLUDE_IN_FRAMEWORK_HEADER = YES;
				CLANG_WARN_RANGE_LOOP_ANALYSIS = YES;
				CLANG_WARN_STRICT_PROTOTYPES = YES;
				CLANG_WARN_SUSPICIOUS_MOVE = YES;
				CLANG_WARN_UNGUARDED_AVAILABILITY = YES_AGGRESSIVE;
				CLANG_WARN_UNREACHABLE_CODE = YES;
				CLANG_WARN__DUPLICATE_METHOD_MATCH = YES;
				COPY_PHASE_STRIP = NO;
				DEBUG_INFORMATION_FORMAT = dwarf;
				ENABLE_STRICT_OBJC_MSGSEND = YES;
				ENABLE_TESTABILITY = YES;
				GCC_C_LANGUAGE_STANDARD = gnu11;
				GCC_DYNAMIC_NO_PIC = NO;
				GCC_NO_COMMON_BLOCKS = YES;
				GCC_OPTIMIZATION_LEVEL = 0;
				GCC_PREPROCESSOR_DEFINITIONS = (
					"DEBUG=1",
					"$(inherited)",
				);
				GCC_WARN_64_TO_32_BIT_CONVERSION = YES;
				GCC_WARN_ABOUT_RETURN_TYPE = YES_ERROR;
				GCC_WARN_UNDECLARED_SELECTOR = YES;
				GCC_WARN_UNINITIALIZED_AUTOS = YES_AGGRESSIVE;
				GCC_WARN_UNUSED_FUNCTION = YES;
				GCC_WARN_UNUSED_VARIABLE = YES;
				IPHONEOS_DEPLOYMENT_TARGET = 15.0;
				MTL_ENABLE_DEBUG_INFO = INCLUDE_SOURCE;
				MTL_FAST_MATH = YES;
				ONLY_ACTIVE_ARCH = YES;
				SDKROOT = iphoneos;
			};
			name = Debug;
		};
		6E8719EB276C8B96002311B4 /* Release */ = {
			isa = XCBuildConfiguration;
			buildSettings = {
				ALWAYS_SEARCH_USER_PATHS = NO;
				CLANG_ANALYZER_NONNULL = YES;
				CLANG_ANALYZER_NUMBER_OBJECT_CONVERSION = YES_AGGRESSIVE;
				CLANG_CXX_LANGUAGE_STANDARD = "gnu++17";
				CLANG_CXX_LIBRARY = "libc++";
				CLANG_ENABLE_MODULES = YES;
				CLANG_ENABLE_OBJC_ARC = YES;
				CLANG_ENABLE_OBJC_WEAK = YES;
				CLANG_WARN_BLOCK_CAPTURE_AUTORELEASING = YES;
				CLANG_WARN_BOOL_CONVERSION = YES;
				CLANG_WARN_COMMA = YES;
				CLANG_WARN_CONSTANT_CONVERSION = YES;
				CLANG_WARN_DEPRECATED_OBJC_IMPLEMENTATIONS = YES;
				CLANG_WARN_DIRECT_OBJC_ISA_USAGE = YES_ERROR;
				CLANG_WARN_DOCUMENTATION_COMMENTS = YES;
				CLANG_WARN_EMPTY_BODY = YES;
				CLANG_WARN_ENUM_CONVERSION = YES;
				CLANG_WARN_INFINITE_RECURSION = YES;
				CLANG_WARN_INT_CONVERSION = YES;
				CLANG_WARN_NON_LITERAL_NULL_CONVERSION = YES;
				CLANG_WARN_OBJC_IMPLICIT_RETAIN_SELF = YES;
				CLANG_WARN_OBJC_LITERAL_CONVERSION = YES;
				CLANG_WARN_OBJC_ROOT_CLASS = YES_ERROR;
				CLANG_WARN_QUOTED_INCLUDE_IN_FRAMEWORK_HEADER = YES;
				CLANG_WARN_RANGE_LOOP_ANALYSIS = YES;
				CLANG_WARN_STRICT_PROTOTYPES = YES;
				CLANG_WARN_SUSPICIOUS_MOVE = YES;
				CLANG_WARN_UNGUARDED_AVAILABILITY = YES_AGGRESSIVE;
				CLANG_WARN_UNREACHABLE_CODE = YES;
				CLANG_WARN__DUPLICATE_METHOD_MATCH = YES;
				COPY_PHASE_STRIP = NO;
				DEBUG_INFORMATION_FORMAT = "dwarf-with-dsym";
				ENABLE_NS_ASSERTIONS = NO;
				ENABLE_STRICT_OBJC_MSGSEND = YES;
				GCC_C_LANGUAGE_STANDARD = gnu11;
				GCC_NO_COMMON_BLOCKS = YES;
				GCC_WARN_64_TO_32_BIT_CONVERSION = YES;
				GCC_WARN_ABOUT_RETURN_TYPE = YES_ERROR;
				GCC_WARN_UNDECLARED_SELECTOR = YES;
				GCC_WARN_UNINITIALIZED_AUTOS = YES_AGGRESSIVE;
				GCC_WARN_UNUSED_FUNCTION = YES;
				GCC_WARN_UNUSED_VARIABLE = YES;
				IPHONEOS_DEPLOYMENT_TARGET = 15.0;
				MTL_ENABLE_DEBUG_INFO = NO;
				MTL_FAST_MATH = YES;
				SDKROOT = iphoneos;
				VALIDATE_PRODUCT = YES;
			};
			name = Release;
		};
		6E8719ED276C8B96002311B4 /* Debug */ = {
			isa = XCBuildConfiguration;
			baseConfigurationReference = 885EF758D0E4AA70A4DDCA2D /* Pods-DrawCustomBorderPath.debug.xcconfig */;
			buildSettings = {
				ASSETCATALOG_COMPILER_APPICON_NAME = AppIcon;
				ASSETCATALOG_COMPILER_GLOBAL_ACCENT_COLOR_NAME = AccentColor;
				CODE_SIGN_STYLE = Automatic;
				CURRENT_PROJECT_VERSION = 1;
				DEVELOPMENT_TEAM = 7YYRDAUH4V;
				GENERATE_INFOPLIST_FILE = YES;
				INFOPLIST_FILE = DrawCustomBorderPath/Info.plist;
				INFOPLIST_KEY_UIApplicationSupportsIndirectInputEvents = YES;
				INFOPLIST_KEY_UILaunchStoryboardName = LaunchScreen;
				INFOPLIST_KEY_UIMainStoryboardFile = Main;
				INFOPLIST_KEY_UISupportedInterfaceOrientations_iPad = "UIInterfaceOrientationPortrait UIInterfaceOrientationPortraitUpsideDown UIInterfaceOrientationLandscapeLeft UIInterfaceOrientationLandscapeRight";
				INFOPLIST_KEY_UISupportedInterfaceOrientations_iPhone = "UIInterfaceOrientationPortrait UIInterfaceOrientationLandscapeLeft UIInterfaceOrientationLandscapeRight";
				LD_RUNPATH_SEARCH_PATHS = (
					"$(inherited)",
					"@executable_path/Frameworks",
				);
				MARKETING_VERSION = 1.0;
				PRODUCT_BUNDLE_IDENTIFIER = BaoYuLiao.DrawCustomBorderPath;
				PRODUCT_NAME = "$(TARGET_NAME)";
				SWIFT_EMIT_LOC_STRINGS = YES;
				TARGETED_DEVICE_FAMILY = "1,2";
			};
			name = Debug;
		};
		6E8719EE276C8B96002311B4 /* Release */ = {
			isa = XCBuildConfiguration;
			baseConfigurationReference = 164ABC18CF485E02CAA26946 /* Pods-DrawCustomBorderPath.release.xcconfig */;
			buildSettings = {
				ASSETCATALOG_COMPILER_APPICON_NAME = AppIcon;
				ASSETCATALOG_COMPILER_GLOBAL_ACCENT_COLOR_NAME = AccentColor;
				CODE_SIGN_STYLE = Automatic;
				CURRENT_PROJECT_VERSION = 1;
				DEVELOPMENT_TEAM = 7YYRDAUH4V;
				GENERATE_INFOPLIST_FILE = YES;
				INFOPLIST_FILE = DrawCustomBorderPath/Info.plist;
				INFOPLIST_KEY_UIApplicationSupportsIndirectInputEvents = YES;
				INFOPLIST_KEY_UILaunchStoryboardName = LaunchScreen;
				INFOPLIST_KEY_UIMainStoryboardFile = Main;
				INFOPLIST_KEY_UISupportedInterfaceOrientations_iPad = "UIInterfaceOrientationPortrait UIInterfaceOrientationPortraitUpsideDown UIInterfaceOrientationLandscapeLeft UIInterfaceOrientationLandscapeRight";
				INFOPLIST_KEY_UISupportedInterfaceOrientations_iPhone = "UIInterfaceOrientationPortrait UIInterfaceOrientationLandscapeLeft UIInterfaceOrientationLandscapeRight";
				LD_RUNPATH_SEARCH_PATHS = (
					"$(inherited)",
					"@executable_path/Frameworks",
				);
				MARKETING_VERSION = 1.0;
				PRODUCT_BUNDLE_IDENTIFIER = BaoYuLiao.DrawCustomBorderPath;
				PRODUCT_NAME = "$(TARGET_NAME)";
				SWIFT_EMIT_LOC_STRINGS = YES;
				TARGETED_DEVICE_FAMILY = "1,2";
			};
			name = Release;
		};
/* End XCBuildConfiguration section */

/* Begin XCConfigurationList section */
		6E8719CE276C8B95002311B4 /* Build configuration list for PBXProject "DrawCustomBorderPath" */ = {
			isa = XCConfigurationList;
			buildConfigurations = (
				6E8719EA276C8B96002311B4 /* Debug */,
				6E8719EB276C8B96002311B4 /* Release */,
			);
			defaultConfigurationIsVisible = 0;
			defaultConfigurationName = Release;
		};
		6E8719EC276C8B96002311B4 /* Build configuration list for PBXNativeTarget "DrawCustomBorderPath" */ = {
			isa = XCConfigurationList;
			buildConfigurations = (
				6E8719ED276C8B96002311B4 /* Debug */,
				6E8719EE276C8B96002311B4 /* Release */,
			);
			defaultConfigurationIsVisible = 0;
			defaultConfigurationName = Release;
		};
/* End XCConfigurationList section */
	};
	rootObject = 6E8719CB276C8B95002311B4 /* Project object */;
}
